
Microsoft Visual Studio Solution File, Format Version 12.00
# Visual Studio Version 17
VisualStudioVersion = 17.5.002.0
MinimumVisualStudioVersion = 10.0.40219.1
Project("{9A19103F-16F7-4668-BE54-9A1E7A4F7556}") = "tinyidp", "tinyidp.csproj", "{C581AFB0-643B-497B-BB63-C7A7AA101BB7}"
EndProject
Global
	GlobalSection(SolutionConfigurationPlatforms) = preSolution
		Debug|Any CPU = Debug|Any CPU
		Release|Any CPU = Release|Any CPU
	EndGlobalSection
	GlobalSection(ProjectConfigurationPlatforms) = postSolution
		{C581AFB0-643B-497B-BB63-C7A7AA101BB7}.Debug|Any CPU.ActiveCfg = Debug|Any CPU
		{C581AFB0-643B-497B-BB63-C7A7AA101BB7}.Debug|Any CPU.Build.0 = Debug|Any CPU
		{C581AFB0-643B-497B-BB63-C7A7AA101BB7}.Release|Any CPU.ActiveCfg = Release|Any CPU
		{C581AFB0-643B-497B-BB63-C7A7AA101BB7}.Release|Any CPU.Build.0 = Release|Any CPU
	EndGlobalSection
	GlobalSection(SolutionProperties) = preSolution
		HideSolutionNode = FALSE
	EndGlobalSection
	GlobalSection(ExtensibilityGlobals) = postSolution
		SolutionGuid = {B7F918EC-6F5D-491D-ADB4-53A406B4ADE0}
	EndGlobalSection
EndGlobal
