
Microsoft Visual Studio Solution File, Format Version 12.00
# Visual Studio Version 17
VisualStudioVersion = 17.0.31903.59
MinimumVisualStudioVersion = 10.0.40219.1
Project("{FAE04EC0-301F-11D3-BF4B-00C04F79EFBC}") = "tinyidp", "tinyidp\tinyidp.csproj", "{CDB88EB0-AD3B-474F-881F-BFFE18008BC4}"
EndProject
Project("{FAE04EC0-301F-11D3-BF4B-00C04F79EFBC}") = "tinyidp.tests", "tinyidp.tests\tinyidp.tests.csproj", "{03E805F0-FBFD-46F2-995B-3A3AE3F5DBB9}"
EndProject
Global
	GlobalSection(SolutionConfigurationPlatforms) = preSolution
		Debug|Any CPU = Debug|Any CPU
		Release|Any CPU = Release|Any CPU
	EndGlobalSection
	GlobalSection(SolutionProperties) = preSolution
		HideSolutionNode = FALSE
	EndGlobalSection
	GlobalSection(ProjectConfigurationPlatforms) = postSolution
		{CDB88EB0-AD3B-474F-881F-BFFE18008BC4}.Debug|Any CPU.ActiveCfg = Debug|Any CPU
		{CDB88EB0-AD3B-474F-881F-BFFE18008BC4}.Debug|Any CPU.Build.0 = Debug|Any CPU
		{CDB88EB0-AD3B-474F-881F-BFFE18008BC4}.Release|Any CPU.ActiveCfg = Release|Any CPU
		{CDB88EB0-AD3B-474F-881F-BFFE18008BC4}.Release|Any CPU.Build.0 = Release|Any CPU
		{03E805F0-FBFD-46F2-995B-3A3AE3F5DBB9}.Debug|Any CPU.ActiveCfg = Debug|Any CPU
		{03E805F0-FBFD-46F2-995B-3A3AE3F5DBB9}.Debug|Any CPU.Build.0 = Debug|Any CPU
		{03E805F0-FBFD-46F2-995B-3A3AE3F5DBB9}.Release|Any CPU.ActiveCfg = Release|Any CPU
		{03E805F0-FBFD-46F2-995B-3A3AE3F5DBB9}.Release|Any CPU.Build.0 = Release|Any CPU
	EndGlobalSection
EndGlobal
